// !$*UTF8*$!
{
	archiveVersion = 1;
	classes = {
	};
	objectVersion = 50;
	objects = {

/* Begin PBXBuildFile section */
		99569DE42515FD6900F103D4 /* LogViewController.swift in Sources */ = {isa = PBXBuildFile; fileRef = 99569DE32515FD6900F103D4 /* LogViewController.swift */; };
		99803F87250ADD0F000284D9 /* AppDelegate.swift in Sources */ = {isa = PBXBuildFile; fileRef = 99803F86250ADD0F000284D9 /* AppDelegate.swift */; };
		99803F8E250ADD0F000284D9 /* Main.storyboard in Resources */ = {isa = PBXBuildFile; fileRef = 99803F8C250ADD0F000284D9 /* Main.storyboard */; };
		99803F90250ADD11000284D9 /* Assets.xcassets in Resources */ = {isa = PBXBuildFile; fileRef = 99803F8F250ADD11000284D9 /* Assets.xcassets */; };
		99803F93250ADD11000284D9 /* LaunchScreen.storyboard in Resources */ = {isa = PBXBuildFile; fileRef = 99803F91250ADD11000284D9 /* LaunchScreen.storyboard */; };
		99846730251B5EA1004E9044 /* ButtonWithTouchSize.swift in Sources */ = {isa = PBXBuildFile; fileRef = 9984672F251B5EA1004E9044 /* ButtonWithTouchSize.swift */; };
		998755532513D3210080EEAE /* Loger.swift in Sources */ = {isa = PBXBuildFile; fileRef = 998755522513D3210080EEAE /* Loger.swift */; };
		998755552513F4430080EEAE /* ProfileViewController.swift in Sources */ = {isa = PBXBuildFile; fileRef = 998755542513F4430080EEAE /* ProfileViewController.swift */; };
		9987555B2514244D0080EEAE /* Roboto-Regular.ttf in Resources */ = {isa = PBXBuildFile; fileRef = 9987555A2514244D0080EEAE /* Roboto-Regular.ttf */; };
		9987555E251425610080EEAE /* SFProText-Regular.ttf in Resources */ = {isa = PBXBuildFile; fileRef = 9987555C251425610080EEAE /* SFProText-Regular.ttf */; };
		99875561251427000080EEAE /* SFProDisplay-Bold.ttf in Resources */ = {isa = PBXBuildFile; fileRef = 99875560251427000080EEAE /* SFProDisplay-Bold.ttf */; };
		99875565251429290080EEAE /* SFProText-Semibold.ttf in Resources */ = {isa = PBXBuildFile; fileRef = 99875564251429290080EEAE /* SFProText-Semibold.ttf */; };
/* End PBXBuildFile section */

/* Begin PBXFileReference section */
		99569DE32515FD6900F103D4 /* LogViewController.swift */ = {isa = PBXFileReference; lastKnownFileType = sourcecode.swift; path = LogViewController.swift; sourceTree = "<group>"; };
		99803F83250ADD0F000284D9 /* Chat.app */ = {isa = PBXFileReference; explicitFileType = wrapper.application; includeInIndex = 0; path = Chat.app; sourceTree = BUILT_PRODUCTS_DIR; };
		99803F86250ADD0F000284D9 /* AppDelegate.swift */ = {isa = PBXFileReference; lastKnownFileType = sourcecode.swift; path = AppDelegate.swift; sourceTree = "<group>"; };
		99803F8D250ADD0F000284D9 /* Base */ = {isa = PBXFileReference; lastKnownFileType = file.storyboard; name = Base; path = Base.lproj/Main.storyboard; sourceTree = "<group>"; };
		99803F8F250ADD11000284D9 /* Assets.xcassets */ = {isa = PBXFileReference; lastKnownFileType = folder.assetcatalog; path = Assets.xcassets; sourceTree = "<group>"; };
		99803F92250ADD11000284D9 /* Base */ = {isa = PBXFileReference; lastKnownFileType = file.storyboard; name = Base; path = Base.lproj/LaunchScreen.storyboard; sourceTree = "<group>"; };
		99803F94250ADD11000284D9 /* Info.plist */ = {isa = PBXFileReference; lastKnownFileType = text.plist.xml; path = Info.plist; sourceTree = "<group>"; };
		9984672F251B5EA1004E9044 /* ButtonWithTouchSize.swift */ = {isa = PBXFileReference; lastKnownFileType = sourcecode.swift; path = ButtonWithTouchSize.swift; sourceTree = "<group>"; };
		998755522513D3210080EEAE /* Loger.swift */ = {isa = PBXFileReference; lastKnownFileType = sourcecode.swift; path = Loger.swift; sourceTree = "<group>"; };
		998755542513F4430080EEAE /* ProfileViewController.swift */ = {isa = PBXFileReference; lastKnownFileType = sourcecode.swift; path = ProfileViewController.swift; sourceTree = "<group>"; };
		9987555A2514244D0080EEAE /* Roboto-Regular.ttf */ = {isa = PBXFileReference; lastKnownFileType = file; path = "Roboto-Regular.ttf"; sourceTree = "<group>"; };
		9987555C251425610080EEAE /* SFProText-Regular.ttf */ = {isa = PBXFileReference; lastKnownFileType = file; path = "SFProText-Regular.ttf"; sourceTree = "<group>"; };
		99875560251427000080EEAE /* SFProDisplay-Bold.ttf */ = {isa = PBXFileReference; lastKnownFileType = file; path = "SFProDisplay-Bold.ttf"; sourceTree = "<group>"; };
		99875564251429290080EEAE /* SFProText-Semibold.ttf */ = {isa = PBXFileReference; lastKnownFileType = file; path = "SFProText-Semibold.ttf"; sourceTree = "<group>"; };
/* End PBXFileReference section */

/* Begin PBXFrameworksBuildPhase section */
		99803F80250ADD0F000284D9 /* Frameworks */ = {
			isa = PBXFrameworksBuildPhase;
			buildActionMask = 2147483647;
			files = (
			);
			runOnlyForDeploymentPostprocessing = 0;
		};
/* End PBXFrameworksBuildPhase section */

/* Begin PBXGroup section */
		99803F7A250ADD0F000284D9 = {
			isa = PBXGroup;
			children = (
				99803F85250ADD0F000284D9 /* Chat */,
				99803F84250ADD0F000284D9 /* Products */,
			);
			sourceTree = "<group>";
		};
		99803F84250ADD0F000284D9 /* Products */ = {
			isa = PBXGroup;
			children = (
				99803F83250ADD0F000284D9 /* Chat.app */,
			);
			name = Products;
			sourceTree = "<group>";
		};
		99803F85250ADD0F000284D9 /* Chat */ = {
			isa = PBXGroup;
			children = (
				99803F86250ADD0F000284D9 /* AppDelegate.swift */,
				99803F8C250ADD0F000284D9 /* Main.storyboard */,
				99803F8F250ADD11000284D9 /* Assets.xcassets */,
				99803F91250ADD11000284D9 /* LaunchScreen.storyboard */,
				99803F94250ADD11000284D9 /* Info.plist */,
				998755522513D3210080EEAE /* Loger.swift */,
				99569DE32515FD6900F103D4 /* LogViewController.swift */,
				998755542513F4430080EEAE /* ProfileViewController.swift */,
				9984672F251B5EA1004E9044 /* ButtonWithTouchSize.swift */,
				9987556625142AC90080EEAE /* Fonts */,
			);
			path = Chat;
			sourceTree = "<group>";
		};
		9987556625142AC90080EEAE /* Fonts */ = {
			isa = PBXGroup;
			children = (
				9987555A2514244D0080EEAE /* Roboto-Regular.ttf */,
				9987555C251425610080EEAE /* SFProText-Regular.ttf */,
				99875564251429290080EEAE /* SFProText-Semibold.ttf */,
				99875560251427000080EEAE /* SFProDisplay-Bold.ttf */,
			);
			path = Fonts;
			sourceTree = "<group>";
		};
/* End PBXGroup section */

/* Begin PBXNativeTarget section */
		99803F82250ADD0F000284D9 /* Chat */ = {
			isa = PBXNativeTarget;
			buildConfigurationList = 99803F97250ADD11000284D9 /* Build configuration list for PBXNativeTarget "Chat" */;
			buildPhases = (
				99803F7F250ADD0F000284D9 /* Sources */,
				99803F80250ADD0F000284D9 /* Frameworks */,
				99803F81250ADD0F000284D9 /* Resources */,
			);
			buildRules = (
			);
			dependencies = (
			);
			name = Chat;
			productName = Chat;
			productReference = 99803F83250ADD0F000284D9 /* Chat.app */;
			productType = "com.apple.product-type.application";
		};
/* End PBXNativeTarget section */

/* Begin PBXProject section */
		99803F7B250ADD0F000284D9 /* Project object */ = {
			isa = PBXProject;
			attributes = {
				LastSwiftUpdateCheck = 1160;
				LastUpgradeCheck = 1160;
				ORGANIZATIONNAME = "Maria Myamlina";
				TargetAttributes = {
					99803F82250ADD0F000284D9 = {
						CreatedOnToolsVersion = 11.6;
					};
				};
			};
			buildConfigurationList = 99803F7E250ADD0F000284D9 /* Build configuration list for PBXProject "Chat" */;
			compatibilityVersion = "Xcode 9.3";
			developmentRegion = en;
			hasScannedForEncodings = 0;
			knownRegions = (
				en,
				Base,
			);
			mainGroup = 99803F7A250ADD0F000284D9;
			productRefGroup = 99803F84250ADD0F000284D9 /* Products */;
			projectDirPath = "";
			projectRoot = "";
			targets = (
				99803F82250ADD0F000284D9 /* Chat */,
			);
		};
/* End PBXProject section */

/* Begin PBXResourcesBuildPhase section */
		99803F81250ADD0F000284D9 /* Resources */ = {
			isa = PBXResourcesBuildPhase;
			buildActionMask = 2147483647;
			files = (
				99803F93250ADD11000284D9 /* LaunchScreen.storyboard in Resources */,
				99803F90250ADD11000284D9 /* Assets.xcassets in Resources */,
				9987555B2514244D0080EEAE /* Roboto-Regular.ttf in Resources */,
				99875561251427000080EEAE /* SFProDisplay-Bold.ttf in Resources */,
				99875565251429290080EEAE /* SFProText-Semibold.ttf in Resources */,
				9987555E251425610080EEAE /* SFProText-Regular.ttf in Resources */,
				99803F8E250ADD0F000284D9 /* Main.storyboard in Resources */,
			);
			runOnlyForDeploymentPostprocessing = 0;
		};
/* End PBXResourcesBuildPhase section */

/* Begin PBXSourcesBuildPhase section */
		99803F7F250ADD0F000284D9 /* Sources */ = {
			isa = PBXSourcesBuildPhase;
			buildActionMask = 2147483647;
			files = (
				998755532513D3210080EEAE /* Loger.swift in Sources */,
				998755552513F4430080EEAE /* ProfileViewController.swift in Sources */,
				99846730251B5EA1004E9044 /* ButtonWithTouchSize.swift in Sources */,
				99803F87250ADD0F000284D9 /* AppDelegate.swift in Sources */,
				99569DE42515FD6900F103D4 /* LogViewController.swift in Sources */,
			);
			runOnlyForDeploymentPostprocessing = 0;
		};
/* End PBXSourcesBuildPhase section */

/* Begin PBXVariantGroup section */
		99803F8C250ADD0F000284D9 /* Main.storyboard */ = {
			isa = PBXVariantGroup;
			children = (
				99803F8D250ADD0F000284D9 /* Base */,
			);
			name = Main.storyboard;
			sourceTree = "<group>";
		};
		99803F91250ADD11000284D9 /* LaunchScreen.storyboard */ = {
			isa = PBXVariantGroup;
			children = (
				99803F92250ADD11000284D9 /* Base */,
			);
			name = LaunchScreen.storyboard;
			sourceTree = "<group>";
		};
/* End PBXVariantGroup section */

/* Begin XCBuildConfiguration section */
		99803F95250ADD11000284D9 /* Debug */ = {
			isa = XCBuildConfiguration;
			buildSettings = {
				ALWAYS_SEARCH_USER_PATHS = NO;
				CLANG_ANALYZER_NONNULL = YES;
				CLANG_ANALYZER_NUMBER_OBJECT_CONVERSION = YES_AGGRESSIVE;
				CLANG_CXX_LANGUAGE_STANDARD = "gnu++14";
				CLANG_CXX_LIBRARY = "libc++";
				CLANG_ENABLE_MODULES = YES;
				CLANG_ENABLE_OBJC_ARC = YES;
				CLANG_ENABLE_OBJC_WEAK = YES;
				CLANG_WARN_BLOCK_CAPTURE_AUTORELEASING = YES;
				CLANG_WARN_BOOL_CONVERSION = YES;
				CLANG_WARN_COMMA = YES;
				CLANG_WARN_CONSTANT_CONVERSION = YES;
				CLANG_WARN_DEPRECATED_OBJC_IMPLEMENTATIONS = YES;
				CLANG_WARN_DIRECT_OBJC_ISA_USAGE = YES_ERROR;
				CLANG_WARN_DOCUMENTATION_COMMENTS = YES;
				CLANG_WARN_EMPTY_BODY = YES;
				CLANG_WARN_ENUM_CONVERSION = YES;
				CLANG_WARN_INFINITE_RECURSION = YES;
				CLANG_WARN_INT_CONVERSION = YES;
				CLANG_WARN_NON_LITERAL_NULL_CONVERSION = YES;
				CLANG_WARN_OBJC_IMPLICIT_RETAIN_SELF = YES;
				CLANG_WARN_OBJC_LITERAL_CONVERSION = YES;
				CLANG_WARN_OBJC_ROOT_CLASS = YES_ERROR;
				CLANG_WARN_RANGE_LOOP_ANALYSIS = YES;
				CLANG_WARN_STRICT_PROTOTYPES = YES;
				CLANG_WARN_SUSPICIOUS_MOVE = YES;
				CLANG_WARN_UNGUARDED_AVAILABILITY = YES_AGGRESSIVE;
				CLANG_WARN_UNREACHABLE_CODE = YES;
				CLANG_WARN__DUPLICATE_METHOD_MATCH = YES;
				COPY_PHASE_STRIP = NO;
				DEBUG_INFORMATION_FORMAT = dwarf;
				ENABLE_STRICT_OBJC_MSGSEND = YES;
				ENABLE_TESTABILITY = YES;
				GCC_C_LANGUAGE_STANDARD = gnu11;
				GCC_DYNAMIC_NO_PIC = NO;
				GCC_NO_COMMON_BLOCKS = YES;
				GCC_OPTIMIZATION_LEVEL = 0;
				GCC_PREPROCESSOR_DEFINITIONS = (
					"DEBUG=1",
					"$(inherited)",
				);
				GCC_WARN_64_TO_32_BIT_CONVERSION = YES;
				GCC_WARN_ABOUT_RETURN_TYPE = YES_ERROR;
				GCC_WARN_UNDECLARED_SELECTOR = YES;
				GCC_WARN_UNINITIALIZED_AUTOS = YES_AGGRESSIVE;
				GCC_WARN_UNUSED_FUNCTION = YES;
				GCC_WARN_UNUSED_VARIABLE = YES;
				IPHONEOS_DEPLOYMENT_TARGET = 13.6;
				MTL_ENABLE_DEBUG_INFO = INCLUDE_SOURCE;
				MTL_FAST_MATH = YES;
				ONLY_ACTIVE_ARCH = YES;
				SDKROOT = iphoneos;
				SWIFT_ACTIVE_COMPILATION_CONDITIONS = DEBUG;
				SWIFT_OPTIMIZATION_LEVEL = "-Onone";
			};
			name = Debug;
		};
		99803F96250ADD11000284D9 /* Release */ = {
			isa = XCBuildConfiguration;
			buildSettings = {
				ALWAYS_SEARCH_USER_PATHS = NO;
				CLANG_ANALYZER_NONNULL = YES;
				CLANG_ANALYZER_NUMBER_OBJECT_CONVERSION = YES_AGGRESSIVE;
				CLANG_CXX_LANGUAGE_STANDARD = "gnu++14";
				CLANG_CXX_LIBRARY = "libc++";
				CLANG_ENABLE_MODULES = YES;
				CLANG_ENABLE_OBJC_ARC = YES;
				CLANG_ENABLE_OBJC_WEAK = YES;
				CLANG_WARN_BLOCK_CAPTURE_AUTORELEASING = YES;
				CLANG_WARN_BOOL_CONVERSION = YES;
				CLANG_WARN_COMMA = YES;
				CLANG_WARN_CONSTANT_CONVERSION = YES;
				CLANG_WARN_DEPRECATED_OBJC_IMPLEMENTATIONS = YES;
				CLANG_WARN_DIRECT_OBJC_ISA_USAGE = YES_ERROR;
				CLANG_WARN_DOCUMENTATION_COMMENTS = YES;
				CLANG_WARN_EMPTY_BODY = YES;
				CLANG_WARN_ENUM_CONVERSION = YES;
				CLANG_WARN_INFINITE_RECURSION = YES;
				CLANG_WARN_INT_CONVERSION = YES;
				CLANG_WARN_NON_LITERAL_NULL_CONVERSION = YES;
				CLANG_WARN_OBJC_IMPLICIT_RETAIN_SELF = YES;
				CLANG_WARN_OBJC_LITERAL_CONVERSION = YES;
				CLANG_WARN_OBJC_ROOT_CLASS = YES_ERROR;
				CLANG_WARN_RANGE_LOOP_ANALYSIS = YES;
				CLANG_WARN_STRICT_PROTOTYPES = YES;
				CLANG_WARN_SUSPICIOUS_MOVE = YES;
				CLANG_WARN_UNGUARDED_AVAILABILITY = YES_AGGRESSIVE;
				CLANG_WARN_UNREACHABLE_CODE = YES;
				CLANG_WARN__DUPLICATE_METHOD_MATCH = YES;
				COPY_PHASE_STRIP = NO;
				DEBUG_INFORMATION_FORMAT = "dwarf-with-dsym";
				ENABLE_NS_ASSERTIONS = NO;
				ENABLE_STRICT_OBJC_MSGSEND = YES;
				GCC_C_LANGUAGE_STANDARD = gnu11;
				GCC_NO_COMMON_BLOCKS = YES;
				GCC_WARN_64_TO_32_BIT_CONVERSION = YES;
				GCC_WARN_ABOUT_RETURN_TYPE = YES_ERROR;
				GCC_WARN_UNDECLARED_SELECTOR = YES;
				GCC_WARN_UNINITIALIZED_AUTOS = YES_AGGRESSIVE;
				GCC_WARN_UNUSED_FUNCTION = YES;
				GCC_WARN_UNUSED_VARIABLE = YES;
				IPHONEOS_DEPLOYMENT_TARGET = 13.6;
				MTL_ENABLE_DEBUG_INFO = NO;
				MTL_FAST_MATH = YES;
				SDKROOT = iphoneos;
				SWIFT_COMPILATION_MODE = wholemodule;
				SWIFT_OPTIMIZATION_LEVEL = "-O";
				VALIDATE_PRODUCT = YES;
			};
			name = Release;
		};
		99803F98250ADD11000284D9 /* Debug */ = {
			isa = XCBuildConfiguration;
			buildSettings = {
				ASSETCATALOG_COMPILER_APPICON_NAME = AppIcon;
				CODE_SIGN_STYLE = Automatic;
				DEVELOPMENT_TEAM = VA56BM3C3G;
				INFOPLIST_FILE = Chat/Info.plist;
				IPHONEOS_DEPLOYMENT_TARGET = 12.0;
				LD_RUNPATH_SEARCH_PATHS = (
					"$(inherited)",
					"@executable_path/Frameworks",
				);
				PRODUCT_BUNDLE_IDENTIFIER = com.mariamyamlina.Chat;
				PRODUCT_NAME = "$(TARGET_NAME)";
				SWIFT_VERSION = 5.0;
				TARGETED_DEVICE_FAMILY = 1;
			};
			name = Debug;
		};
		99803F99250ADD11000284D9 /* Release */ = {
			isa = XCBuildConfiguration;
			buildSettings = {
				ASSETCATALOG_COMPILER_APPICON_NAME = AppIcon;
				CODE_SIGN_STYLE = Automatic;
				DEVELOPMENT_TEAM = VA56BM3C3G;
				INFOPLIST_FILE = Chat/Info.plist;
				IPHONEOS_DEPLOYMENT_TARGET = 12.0;
				LD_RUNPATH_SEARCH_PATHS = (
					"$(inherited)",
					"@executable_path/Frameworks",
				);
				PRODUCT_BUNDLE_IDENTIFIER = com.mariamyamlina.Chat;
				PRODUCT_NAME = "$(TARGET_NAME)";
				SWIFT_VERSION = 5.0;
				TARGETED_DEVICE_FAMILY = 1;
			};
			name = Release;
		};
/* End XCBuildConfiguration section */

/* Begin XCConfigurationList section */
		99803F7E250ADD0F000284D9 /* Build configuration list for PBXProject "Chat" */ = {
			isa = XCConfigurationList;
			buildConfigurations = (
				99803F95250ADD11000284D9 /* Debug */,
				99803F96250ADD11000284D9 /* Release */,
			);
			defaultConfigurationIsVisible = 0;
			defaultConfigurationName = Release;
		};
		99803F97250ADD11000284D9 /* Build configuration list for PBXNativeTarget "Chat" */ = {
			isa = XCConfigurationList;
			buildConfigurations = (
				99803F98250ADD11000284D9 /* Debug */,
				99803F99250ADD11000284D9 /* Release */,
			);
			defaultConfigurationIsVisible = 0;
			defaultConfigurationName = Release;
		};
/* End XCConfigurationList section */
	};
	rootObject = 99803F7B250ADD0F000284D9 /* Project object */;
}
