// !$*UTF8*$!
{
	archiveVersion = 1;
	classes = {
	};
	objectVersion = 51;
	objects = {

/* Begin PBXBuildFile section */
		990AC641255C171A006A60D4 /* SettingsService.swift in Sources */ = {isa = PBXBuildFile; fileRef = 990AC640255C171A006A60D4 /* SettingsService.swift */; };
		990AC645255C6DB4006A60D4 /* FetchService.swift in Sources */ = {isa = PBXBuildFile; fileRef = 990AC644255C6DB4006A60D4 /* FetchService.swift */; };
		990AC649255C8346006A60D4 /* ConfigurableView.swift in Sources */ = {isa = PBXBuildFile; fileRef = 990AC648255C8346006A60D4 /* ConfigurableView.swift */; };
		990FCB98254C969800156A48 /* MessageDB+CoreDataClass.swift in Sources */ = {isa = PBXBuildFile; fileRef = 990FCB96254C969800156A48 /* MessageDB+CoreDataClass.swift */; };
		990FCB99254C969800156A48 /* MessageDB+CoreDataProperties.swift in Sources */ = {isa = PBXBuildFile; fileRef = 990FCB97254C969800156A48 /* MessageDB+CoreDataProperties.swift */; };
		990FCB9C254C969F00156A48 /* ChannelDB+CoreDataClass.swift in Sources */ = {isa = PBXBuildFile; fileRef = 990FCB9A254C969F00156A48 /* ChannelDB+CoreDataClass.swift */; };
		990FCB9D254C969F00156A48 /* ChannelDB+CoreDataProperties.swift in Sources */ = {isa = PBXBuildFile; fileRef = 990FCB9B254C969F00156A48 /* ChannelDB+CoreDataProperties.swift */; };
		991CEB432559C6BB006EDC72 /* DataManager.swift in Sources */ = {isa = PBXBuildFile; fileRef = 991CEB422559C6BB006EDC72 /* DataManager.swift */; };
		992800F725599ABC00C19545 /* UIViewController + Extension.swift in Sources */ = {isa = PBXBuildFile; fileRef = 992800F625599ABC00C19545 /* UIViewController + Extension.swift */; };
		992C2ADD2538B5C100005A88 /* GoogleService-Info.plist in Resources */ = {isa = PBXBuildFile; fileRef = 992C2ADC2538B5C100005A88 /* GoogleService-Info.plist */; };
		994518D82555BA7300D5B015 /* ConversationsListView.swift in Sources */ = {isa = PBXBuildFile; fileRef = 994518D72555BA7300D5B015 /* ConversationsListView.swift */; };
		994518DA2556E40000D5B015 /* ConversationView.swift in Sources */ = {isa = PBXBuildFile; fileRef = 994518D92556E40000D5B015 /* ConversationView.swift */; };
		994518DD255725AB00D5B015 /* ThemesView.swift in Sources */ = {isa = PBXBuildFile; fileRef = 994518DC255725AB00D5B015 /* ThemesView.swift */; };
		994518DF25572B0900D5B015 /* ProfileView.swift in Sources */ = {isa = PBXBuildFile; fileRef = 994518DE25572B0900D5B015 /* ProfileView.swift */; };
		99454C33251D4502005CEEA2 /* ConversationsListViewController.swift in Sources */ = {isa = PBXBuildFile; fileRef = 99454C32251D4502005CEEA2 /* ConversationsListViewController.swift */; };
		99454C3A251D49A9005CEEA2 /* ConversationTableViewCell.swift in Sources */ = {isa = PBXBuildFile; fileRef = 99454C38251D49A9005CEEA2 /* ConversationTableViewCell.swift */; };
		994635B92534DE05003DEA03 /* DataService.swift in Sources */ = {isa = PBXBuildFile; fileRef = 994635B82534DE05003DEA03 /* DataService.swift */; };
		994AF9D125221D300013B0E0 /* TopView.swift in Sources */ = {isa = PBXBuildFile; fileRef = 994AF9D025221D300013B0E0 /* TopView.swift */; };
		994B4A7E252A79E900A50B5D /* SFProText-RegularItalic.ttf in Resources */ = {isa = PBXBuildFile; fileRef = 994B4A7D252A79D400A50B5D /* SFProText-RegularItalic.ttf */; };
		994B9ADA252799F600A453F2 /* ThemesService.swift in Sources */ = {isa = PBXBuildFile; fileRef = 994B9AD9252799F600A453F2 /* ThemesService.swift */; };
		994CF6CB252E0E1700AB0A10 /* ProfileImageView.swift in Sources */ = {isa = PBXBuildFile; fileRef = 994CF6CA252E0E1600AB0A10 /* ProfileImageView.swift */; };
		994D63DE255F3E09007CB33D /* CollectionViewCell.swift in Sources */ = {isa = PBXBuildFile; fileRef = 994D63DD255F3E09007CB33D /* CollectionViewCell.swift */; };
		994F1C9A2534C987003FC809 /* Colors.swift in Sources */ = {isa = PBXBuildFile; fileRef = 994F1C992534C987003FC809 /* Colors.swift */; };
		9950733D251F87A500515678 /* MessageTableViewCell.swift in Sources */ = {isa = PBXBuildFile; fileRef = 9950733B251F87A500515678 /* MessageTableViewCell.swift */; };
		99569DE42515FD6900F103D4 /* LogViewController.swift in Sources */ = {isa = PBXBuildFile; fileRef = 99569DE32515FD6900F103D4 /* LogViewController.swift */; };
		9957D96C254F42650073DCA2 /* MessageInputContainer.swift in Sources */ = {isa = PBXBuildFile; fileRef = 9957D96B254F42650073DCA2 /* MessageInputContainer.swift */; };
		9957F56E251F67DC007EB624 /* ConversationViewController.swift in Sources */ = {isa = PBXBuildFile; fileRef = 9957F56D251F67DC007EB624 /* ConversationViewController.swift */; };
		995C84B2253B09DA0036B067 /* Message.swift in Sources */ = {isa = PBXBuildFile; fileRef = 995C84B1253B09DA0036B067 /* Message.swift */; };
		996941142539082500819078 /* UIAlertController + Extension.swift in Sources */ = {isa = PBXBuildFile; fileRef = 996941132539082500819078 /* UIAlertController + Extension.swift */; };
		996A40C2256169220048361C /* Parser.swift in Sources */ = {isa = PBXBuildFile; fileRef = 996A40C1256169220048361C /* Parser.swift */; };
		996A40C4256169620048361C /* RequestSender.swift in Sources */ = {isa = PBXBuildFile; fileRef = 996A40C3256169620048361C /* RequestSender.swift */; };
		996A40C6256169B10048361C /* Request.swift in Sources */ = {isa = PBXBuildFile; fileRef = 996A40C5256169B10048361C /* Request.swift */; };
		996A40C8256169DE0048361C /* RequestsFactory.swift in Sources */ = {isa = PBXBuildFile; fileRef = 996A40C7256169DE0048361C /* RequestsFactory.swift */; };
		996A40CA25617CD50048361C /* ImagesService.swift in Sources */ = {isa = PBXBuildFile; fileRef = 996A40C925617CD50048361C /* ImagesService.swift */; };
		996FA7B4253FAB4B007EC8AA /* Channel.swift in Sources */ = {isa = PBXBuildFile; fileRef = 996FA7B3253FAB4B007EC8AA /* Channel.swift */; };
		997CEE202530D8EF00645079 /* GCDDataManager.swift in Sources */ = {isa = PBXBuildFile; fileRef = 997CEE1F2530D8EF00645079 /* GCDDataManager.swift */; };
		997CEE222530D91500645079 /* OperationDataManager.swift in Sources */ = {isa = PBXBuildFile; fileRef = 997CEE212530D91500645079 /* OperationDataManager.swift */; };
		99803F87250ADD0F000284D9 /* AppDelegate.swift in Sources */ = {isa = PBXBuildFile; fileRef = 99803F86250ADD0F000284D9 /* AppDelegate.swift */; };
		99803F90250ADD11000284D9 /* Assets.xcassets in Resources */ = {isa = PBXBuildFile; fileRef = 99803F8F250ADD11000284D9 /* Assets.xcassets */; };
		99803F93250ADD11000284D9 /* LaunchScreen.storyboard in Resources */ = {isa = PBXBuildFile; fileRef = 99803F91250ADD11000284D9 /* LaunchScreen.storyboard */; };
		99846730251B5EA1004E9044 /* ButtonWithTouchSize.swift in Sources */ = {isa = PBXBuildFile; fileRef = 9984672F251B5EA1004E9044 /* ButtonWithTouchSize.swift */; };
		998755532513D3210080EEAE /* Loger.swift in Sources */ = {isa = PBXBuildFile; fileRef = 998755522513D3210080EEAE /* Loger.swift */; };
		998755552513F4430080EEAE /* ProfileViewController.swift in Sources */ = {isa = PBXBuildFile; fileRef = 998755542513F4430080EEAE /* ProfileViewController.swift */; };
		9987555B2514244D0080EEAE /* Roboto-Regular.ttf in Resources */ = {isa = PBXBuildFile; fileRef = 9987555A2514244D0080EEAE /* Roboto-Regular.ttf */; };
		9987555E251425610080EEAE /* SFProText-Regular.ttf in Resources */ = {isa = PBXBuildFile; fileRef = 9987555C251425610080EEAE /* SFProText-Regular.ttf */; };
		99875561251427000080EEAE /* SFProDisplay-Bold.ttf in Resources */ = {isa = PBXBuildFile; fileRef = 99875560251427000080EEAE /* SFProDisplay-Bold.ttf */; };
		99875565251429290080EEAE /* SFProText-Semibold.ttf in Resources */ = {isa = PBXBuildFile; fileRef = 99875564251429290080EEAE /* SFProText-Semibold.ttf */; };
		9989C605255F0347009F7A31 /* CollectionViewController.swift in Sources */ = {isa = PBXBuildFile; fileRef = 9989C604255F0347009F7A31 /* CollectionViewController.swift */; };
		9989C607255F03EC009F7A31 /* CollectionModel.swift in Sources */ = {isa = PBXBuildFile; fileRef = 9989C606255F03EC009F7A31 /* CollectionModel.swift */; };
		9989C60A255F049D009F7A31 /* CollectionView.swift in Sources */ = {isa = PBXBuildFile; fileRef = 9989C609255F049D009F7A31 /* CollectionView.swift */; };
		998ED922254E07EB0030A102 /* Model.swift in Sources */ = {isa = PBXBuildFile; fileRef = 998ED921254E07EA0030A102 /* Model.swift */; };
		999EAEA92559F3950070D852 /* LogModel.swift in Sources */ = {isa = PBXBuildFile; fileRef = 999EAEA82559F3950070D852 /* LogModel.swift */; };
		99A0E5A925587ED000742613 /* ThemesModel.swift in Sources */ = {isa = PBXBuildFile; fileRef = 99A0E5A825587ED000742613 /* ThemesModel.swift */; };
		99A5733F253C7B3E00899AAC /* FirebaseManager.swift in Sources */ = {isa = PBXBuildFile; fileRef = 99A5733E253C7B3E00899AAC /* FirebaseManager.swift */; };
		99CB3DF4255B17B500DDD117 /* ChannelService.swift in Sources */ = {isa = PBXBuildFile; fileRef = 99CB3DF3255B17B500DDD117 /* ChannelService.swift */; };
		99CB3DF7255B1A0600DDD117 /* UINavigationController + Extension.swift in Sources */ = {isa = PBXBuildFile; fileRef = 99CB3DF6255B1A0600DDD117 /* UINavigationController + Extension.swift */; };
		99CB3DF9255B1A1F00DDD117 /* String + Extension.swift in Sources */ = {isa = PBXBuildFile; fileRef = 99CB3DF8255B1A1F00DDD117 /* String + Extension.swift */; };
		99CB3DFB255B1A3600DDD117 /* Date + Extension.swift in Sources */ = {isa = PBXBuildFile; fileRef = 99CB3DFA255B1A3600DDD117 /* Date + Extension.swift */; };
		99CB3DFF255B1C4000DDD117 /* MessageService.swift in Sources */ = {isa = PBXBuildFile; fileRef = 99CB3DFE255B1C4000DDD117 /* MessageService.swift */; };
		99CB3E08255B4CE100DDD117 /* ThemeStorage.swift in Sources */ = {isa = PBXBuildFile; fileRef = 99CB3E07255B4CE100DDD117 /* ThemeStorage.swift */; };
		99CB3E0C255B620A00DDD117 /* SettingsStorage.swift in Sources */ = {isa = PBXBuildFile; fileRef = 99CB3E0B255B620A00DDD117 /* SettingsStorage.swift */; };
		99D40CCE25581862005FEF4C /* CoreAssembly.swift in Sources */ = {isa = PBXBuildFile; fileRef = 99D40CCD25581862005FEF4C /* CoreAssembly.swift */; };
		99E52A6C2542EF40007BD9B6 /* Chat.xcdatamodeld in Sources */ = {isa = PBXBuildFile; fileRef = 99E52A6A2542EF40007BD9B6 /* Chat.xcdatamodeld */; };
		99E52A6F2542F313007BD9B6 /* CoreDataStack.swift in Sources */ = {isa = PBXBuildFile; fileRef = 99E52A6E2542F313007BD9B6 /* CoreDataStack.swift */; };
		99E8B6972526850C00117A04 /* ThemesViewController.swift in Sources */ = {isa = PBXBuildFile; fileRef = 99E8B6962526850C00117A04 /* ThemesViewController.swift */; };
		99E8B69B252689ED00117A04 /* ThemeButton.swift in Sources */ = {isa = PBXBuildFile; fileRef = 99E8B69A252689ED00117A04 /* ThemeButton.swift */; };
		99ED327825580ED7008848D0 /* PresentationAssembly.swift in Sources */ = {isa = PBXBuildFile; fileRef = 99ED327725580ED7008848D0 /* PresentationAssembly.swift */; };
		99ED327E25580F75008848D0 /* ServicesAssembly.swift in Sources */ = {isa = PBXBuildFile; fileRef = 99ED327D25580F75008848D0 /* ServicesAssembly.swift */; };
		99ED328125580FC8008848D0 /* RootAssembly.swift in Sources */ = {isa = PBXBuildFile; fileRef = 99ED328025580FC8008848D0 /* RootAssembly.swift */; };
		99ED328B25581254008848D0 /* ConversationsListModel.swift in Sources */ = {isa = PBXBuildFile; fileRef = 99ED328A25581254008848D0 /* ConversationsListModel.swift */; };
		99ED328D25581271008848D0 /* ConversationModel.swift in Sources */ = {isa = PBXBuildFile; fileRef = 99ED328C25581271008848D0 /* ConversationModel.swift */; };
		99ED328F2558128D008848D0 /* ProfileModel.swift in Sources */ = {isa = PBXBuildFile; fileRef = 99ED328E2558128D008848D0 /* ProfileModel.swift */; };
		BA51D36F604194656F6CC3D1 /* Pods_Chat.framework in Frameworks */ = {isa = PBXBuildFile; fileRef = 2D669EE74477880C6CB0979D /* Pods_Chat.framework */; };
/* End PBXBuildFile section */

/* Begin PBXFileReference section */
		2D669EE74477880C6CB0979D /* Pods_Chat.framework */ = {isa = PBXFileReference; explicitFileType = wrapper.framework; includeInIndex = 0; path = Pods_Chat.framework; sourceTree = BUILT_PRODUCTS_DIR; };
		32563607774D08B4120B1BF2 /* Pods-Chat.debug.xcconfig */ = {isa = PBXFileReference; includeInIndex = 1; lastKnownFileType = text.xcconfig; name = "Pods-Chat.debug.xcconfig"; path = "Target Support Files/Pods-Chat/Pods-Chat.debug.xcconfig"; sourceTree = "<group>"; };
		990AC640255C171A006A60D4 /* SettingsService.swift */ = {isa = PBXFileReference; lastKnownFileType = sourcecode.swift; path = SettingsService.swift; sourceTree = "<group>"; };
		990AC644255C6DB4006A60D4 /* FetchService.swift */ = {isa = PBXFileReference; lastKnownFileType = sourcecode.swift; path = FetchService.swift; sourceTree = "<group>"; };
		990AC648255C8346006A60D4 /* ConfigurableView.swift */ = {isa = PBXFileReference; lastKnownFileType = sourcecode.swift; path = ConfigurableView.swift; sourceTree = "<group>"; };
		990FCB96254C969800156A48 /* MessageDB+CoreDataClass.swift */ = {isa = PBXFileReference; fileEncoding = 4; lastKnownFileType = sourcecode.swift; path = "MessageDB+CoreDataClass.swift"; sourceTree = "<group>"; };
		990FCB97254C969800156A48 /* MessageDB+CoreDataProperties.swift */ = {isa = PBXFileReference; fileEncoding = 4; lastKnownFileType = sourcecode.swift; path = "MessageDB+CoreDataProperties.swift"; sourceTree = "<group>"; };
		990FCB9A254C969F00156A48 /* ChannelDB+CoreDataClass.swift */ = {isa = PBXFileReference; fileEncoding = 4; lastKnownFileType = sourcecode.swift; path = "ChannelDB+CoreDataClass.swift"; sourceTree = "<group>"; };
		990FCB9B254C969F00156A48 /* ChannelDB+CoreDataProperties.swift */ = {isa = PBXFileReference; fileEncoding = 4; lastKnownFileType = sourcecode.swift; path = "ChannelDB+CoreDataProperties.swift"; sourceTree = "<group>"; };
		991CEB422559C6BB006EDC72 /* DataManager.swift */ = {isa = PBXFileReference; lastKnownFileType = sourcecode.swift; path = DataManager.swift; sourceTree = "<group>"; };
		992800F625599ABC00C19545 /* UIViewController + Extension.swift */ = {isa = PBXFileReference; lastKnownFileType = sourcecode.swift; path = "UIViewController + Extension.swift"; sourceTree = "<group>"; };
		992C2ADC2538B5C100005A88 /* GoogleService-Info.plist */ = {isa = PBXFileReference; fileEncoding = 4; lastKnownFileType = text.plist.xml; path = "GoogleService-Info.plist"; sourceTree = "<group>"; };
		994518D72555BA7300D5B015 /* ConversationsListView.swift */ = {isa = PBXFileReference; lastKnownFileType = sourcecode.swift; path = ConversationsListView.swift; sourceTree = "<group>"; };
		994518D92556E40000D5B015 /* ConversationView.swift */ = {isa = PBXFileReference; lastKnownFileType = sourcecode.swift; path = ConversationView.swift; sourceTree = "<group>"; };
		994518DC255725AB00D5B015 /* ThemesView.swift */ = {isa = PBXFileReference; lastKnownFileType = sourcecode.swift; path = ThemesView.swift; sourceTree = "<group>"; };
		994518DE25572B0900D5B015 /* ProfileView.swift */ = {isa = PBXFileReference; lastKnownFileType = sourcecode.swift; path = ProfileView.swift; sourceTree = "<group>"; };
		99454C32251D4502005CEEA2 /* ConversationsListViewController.swift */ = {isa = PBXFileReference; lastKnownFileType = sourcecode.swift; path = ConversationsListViewController.swift; sourceTree = "<group>"; };
		99454C38251D49A9005CEEA2 /* ConversationTableViewCell.swift */ = {isa = PBXFileReference; lastKnownFileType = sourcecode.swift; path = ConversationTableViewCell.swift; sourceTree = "<group>"; };
		994635B82534DE05003DEA03 /* DataService.swift */ = {isa = PBXFileReference; lastKnownFileType = sourcecode.swift; path = DataService.swift; sourceTree = "<group>"; };
		994AF9D025221D300013B0E0 /* TopView.swift */ = {isa = PBXFileReference; lastKnownFileType = sourcecode.swift; path = TopView.swift; sourceTree = "<group>"; };
		994B4A7D252A79D400A50B5D /* SFProText-RegularItalic.ttf */ = {isa = PBXFileReference; lastKnownFileType = file; path = "SFProText-RegularItalic.ttf"; sourceTree = "<group>"; };
		994B9AD9252799F600A453F2 /* ThemesService.swift */ = {isa = PBXFileReference; lastKnownFileType = sourcecode.swift; path = ThemesService.swift; sourceTree = "<group>"; };
		994CF6CA252E0E1600AB0A10 /* ProfileImageView.swift */ = {isa = PBXFileReference; lastKnownFileType = sourcecode.swift; path = ProfileImageView.swift; sourceTree = "<group>"; };
		994D63DD255F3E09007CB33D /* CollectionViewCell.swift */ = {isa = PBXFileReference; lastKnownFileType = sourcecode.swift; path = CollectionViewCell.swift; sourceTree = "<group>"; };
		994F1C992534C987003FC809 /* Colors.swift */ = {isa = PBXFileReference; lastKnownFileType = sourcecode.swift; path = Colors.swift; sourceTree = "<group>"; };
		9950733B251F87A500515678 /* MessageTableViewCell.swift */ = {isa = PBXFileReference; lastKnownFileType = sourcecode.swift; path = MessageTableViewCell.swift; sourceTree = "<group>"; };
		99569DE32515FD6900F103D4 /* LogViewController.swift */ = {isa = PBXFileReference; lastKnownFileType = sourcecode.swift; path = LogViewController.swift; sourceTree = "<group>"; };
		9957D96B254F42650073DCA2 /* MessageInputContainer.swift */ = {isa = PBXFileReference; lastKnownFileType = sourcecode.swift; path = MessageInputContainer.swift; sourceTree = "<group>"; };
		9957F56D251F67DC007EB624 /* ConversationViewController.swift */ = {isa = PBXFileReference; lastKnownFileType = sourcecode.swift; path = ConversationViewController.swift; sourceTree = "<group>"; };
		995C84B1253B09DA0036B067 /* Message.swift */ = {isa = PBXFileReference; lastKnownFileType = sourcecode.swift; path = Message.swift; sourceTree = "<group>"; };
		996941132539082500819078 /* UIAlertController + Extension.swift */ = {isa = PBXFileReference; lastKnownFileType = sourcecode.swift; path = "UIAlertController + Extension.swift"; sourceTree = "<group>"; };
		996A40C1256169220048361C /* Parser.swift */ = {isa = PBXFileReference; lastKnownFileType = sourcecode.swift; path = Parser.swift; sourceTree = "<group>"; };
		996A40C3256169620048361C /* RequestSender.swift */ = {isa = PBXFileReference; lastKnownFileType = sourcecode.swift; path = RequestSender.swift; sourceTree = "<group>"; };
		996A40C5256169B10048361C /* Request.swift */ = {isa = PBXFileReference; lastKnownFileType = sourcecode.swift; path = Request.swift; sourceTree = "<group>"; };
		996A40C7256169DE0048361C /* RequestsFactory.swift */ = {isa = PBXFileReference; lastKnownFileType = sourcecode.swift; path = RequestsFactory.swift; sourceTree = "<group>"; };
		996A40C925617CD50048361C /* ImagesService.swift */ = {isa = PBXFileReference; lastKnownFileType = sourcecode.swift; path = ImagesService.swift; sourceTree = "<group>"; };
		996FA7B3253FAB4B007EC8AA /* Channel.swift */ = {isa = PBXFileReference; lastKnownFileType = sourcecode.swift; path = Channel.swift; sourceTree = "<group>"; };
		997CEE1F2530D8EF00645079 /* GCDDataManager.swift */ = {isa = PBXFileReference; lastKnownFileType = sourcecode.swift; path = GCDDataManager.swift; sourceTree = "<group>"; };
		997CEE212530D91500645079 /* OperationDataManager.swift */ = {isa = PBXFileReference; lastKnownFileType = sourcecode.swift; path = OperationDataManager.swift; sourceTree = "<group>"; };
		99803F83250ADD0F000284D9 /* Chat.app */ = {isa = PBXFileReference; explicitFileType = wrapper.application; includeInIndex = 0; path = Chat.app; sourceTree = BUILT_PRODUCTS_DIR; };
		99803F86250ADD0F000284D9 /* AppDelegate.swift */ = {isa = PBXFileReference; lastKnownFileType = sourcecode.swift; path = AppDelegate.swift; sourceTree = "<group>"; };
		99803F8F250ADD11000284D9 /* Assets.xcassets */ = {isa = PBXFileReference; lastKnownFileType = folder.assetcatalog; path = Assets.xcassets; sourceTree = "<group>"; };
		99803F92250ADD11000284D9 /* Base */ = {isa = PBXFileReference; lastKnownFileType = file.storyboard; name = Base; path = Base.lproj/LaunchScreen.storyboard; sourceTree = "<group>"; };
		99803F94250ADD11000284D9 /* Info.plist */ = {isa = PBXFileReference; lastKnownFileType = text.plist.xml; path = Info.plist; sourceTree = "<group>"; };
		9984672F251B5EA1004E9044 /* ButtonWithTouchSize.swift */ = {isa = PBXFileReference; lastKnownFileType = sourcecode.swift; path = ButtonWithTouchSize.swift; sourceTree = "<group>"; };
		998755522513D3210080EEAE /* Loger.swift */ = {isa = PBXFileReference; lastKnownFileType = sourcecode.swift; path = Loger.swift; sourceTree = "<group>"; };
		998755542513F4430080EEAE /* ProfileViewController.swift */ = {isa = PBXFileReference; lastKnownFileType = sourcecode.swift; path = ProfileViewController.swift; sourceTree = "<group>"; };
		9987555A2514244D0080EEAE /* Roboto-Regular.ttf */ = {isa = PBXFileReference; lastKnownFileType = file; path = "Roboto-Regular.ttf"; sourceTree = "<group>"; };
		9987555C251425610080EEAE /* SFProText-Regular.ttf */ = {isa = PBXFileReference; lastKnownFileType = file; path = "SFProText-Regular.ttf"; sourceTree = "<group>"; };
		99875560251427000080EEAE /* SFProDisplay-Bold.ttf */ = {isa = PBXFileReference; lastKnownFileType = file; path = "SFProDisplay-Bold.ttf"; sourceTree = "<group>"; };
		99875564251429290080EEAE /* SFProText-Semibold.ttf */ = {isa = PBXFileReference; lastKnownFileType = file; path = "SFProText-Semibold.ttf"; sourceTree = "<group>"; };
		9989C604255F0347009F7A31 /* CollectionViewController.swift */ = {isa = PBXFileReference; lastKnownFileType = sourcecode.swift; path = CollectionViewController.swift; sourceTree = "<group>"; };
		9989C606255F03EC009F7A31 /* CollectionModel.swift */ = {isa = PBXFileReference; lastKnownFileType = sourcecode.swift; path = CollectionModel.swift; sourceTree = "<group>"; };
		9989C609255F049D009F7A31 /* CollectionView.swift */ = {isa = PBXFileReference; lastKnownFileType = sourcecode.swift; path = CollectionView.swift; sourceTree = "<group>"; };
		998ED921254E07EA0030A102 /* Model.swift */ = {isa = PBXFileReference; lastKnownFileType = sourcecode.swift; path = Model.swift; sourceTree = "<group>"; };
		999EAEA82559F3950070D852 /* LogModel.swift */ = {isa = PBXFileReference; lastKnownFileType = sourcecode.swift; path = LogModel.swift; sourceTree = "<group>"; };
		99A0E5A825587ED000742613 /* ThemesModel.swift */ = {isa = PBXFileReference; lastKnownFileType = sourcecode.swift; path = ThemesModel.swift; sourceTree = "<group>"; };
		99A5733E253C7B3E00899AAC /* FirebaseManager.swift */ = {isa = PBXFileReference; lastKnownFileType = sourcecode.swift; path = FirebaseManager.swift; sourceTree = "<group>"; };
		99CB3DF3255B17B500DDD117 /* ChannelService.swift */ = {isa = PBXFileReference; lastKnownFileType = sourcecode.swift; path = ChannelService.swift; sourceTree = "<group>"; };
		99CB3DF6255B1A0600DDD117 /* UINavigationController + Extension.swift */ = {isa = PBXFileReference; lastKnownFileType = sourcecode.swift; path = "UINavigationController + Extension.swift"; sourceTree = "<group>"; };
		99CB3DF8255B1A1F00DDD117 /* String + Extension.swift */ = {isa = PBXFileReference; lastKnownFileType = sourcecode.swift; path = "String + Extension.swift"; sourceTree = "<group>"; };
		99CB3DFA255B1A3600DDD117 /* Date + Extension.swift */ = {isa = PBXFileReference; lastKnownFileType = sourcecode.swift; path = "Date + Extension.swift"; sourceTree = "<group>"; };
		99CB3DFE255B1C4000DDD117 /* MessageService.swift */ = {isa = PBXFileReference; lastKnownFileType = sourcecode.swift; path = MessageService.swift; sourceTree = "<group>"; };
		99CB3E07255B4CE100DDD117 /* ThemeStorage.swift */ = {isa = PBXFileReference; lastKnownFileType = sourcecode.swift; path = ThemeStorage.swift; sourceTree = "<group>"; };
		99CB3E0B255B620A00DDD117 /* SettingsStorage.swift */ = {isa = PBXFileReference; lastKnownFileType = sourcecode.swift; path = SettingsStorage.swift; sourceTree = "<group>"; };
		99D40CCD25581862005FEF4C /* CoreAssembly.swift */ = {isa = PBXFileReference; lastKnownFileType = sourcecode.swift; path = CoreAssembly.swift; sourceTree = "<group>"; };
		99E52A6B2542EF40007BD9B6 /* Chat.xcdatamodel */ = {isa = PBXFileReference; lastKnownFileType = wrapper.xcdatamodel; path = Chat.xcdatamodel; sourceTree = "<group>"; };
		99E52A6E2542F313007BD9B6 /* CoreDataStack.swift */ = {isa = PBXFileReference; lastKnownFileType = sourcecode.swift; path = CoreDataStack.swift; sourceTree = "<group>"; };
		99E8B6962526850C00117A04 /* ThemesViewController.swift */ = {isa = PBXFileReference; lastKnownFileType = sourcecode.swift; path = ThemesViewController.swift; sourceTree = "<group>"; };
		99E8B69A252689ED00117A04 /* ThemeButton.swift */ = {isa = PBXFileReference; lastKnownFileType = sourcecode.swift; path = ThemeButton.swift; sourceTree = "<group>"; };
		99ED327725580ED7008848D0 /* PresentationAssembly.swift */ = {isa = PBXFileReference; lastKnownFileType = sourcecode.swift; path = PresentationAssembly.swift; sourceTree = "<group>"; };
		99ED327D25580F75008848D0 /* ServicesAssembly.swift */ = {isa = PBXFileReference; lastKnownFileType = sourcecode.swift; path = ServicesAssembly.swift; sourceTree = "<group>"; };
		99ED328025580FC8008848D0 /* RootAssembly.swift */ = {isa = PBXFileReference; lastKnownFileType = sourcecode.swift; path = RootAssembly.swift; sourceTree = "<group>"; };
		99ED328A25581254008848D0 /* ConversationsListModel.swift */ = {isa = PBXFileReference; lastKnownFileType = sourcecode.swift; path = ConversationsListModel.swift; sourceTree = "<group>"; };
		99ED328C25581271008848D0 /* ConversationModel.swift */ = {isa = PBXFileReference; lastKnownFileType = sourcecode.swift; path = ConversationModel.swift; sourceTree = "<group>"; };
		99ED328E2558128D008848D0 /* ProfileModel.swift */ = {isa = PBXFileReference; lastKnownFileType = sourcecode.swift; path = ProfileModel.swift; sourceTree = "<group>"; };
		EF719589154F29D5838B05D3 /* Pods-Chat.release.xcconfig */ = {isa = PBXFileReference; includeInIndex = 1; lastKnownFileType = text.xcconfig; name = "Pods-Chat.release.xcconfig"; path = "Target Support Files/Pods-Chat/Pods-Chat.release.xcconfig"; sourceTree = "<group>"; };
/* End PBXFileReference section */

/* Begin PBXFrameworksBuildPhase section */
		99803F80250ADD0F000284D9 /* Frameworks */ = {
			isa = PBXFrameworksBuildPhase;
			buildActionMask = 2147483647;
			files = (
				BA51D36F604194656F6CC3D1 /* Pods_Chat.framework in Frameworks */,
			);
			runOnlyForDeploymentPostprocessing = 0;
		};
/* End PBXFrameworksBuildPhase section */

/* Begin PBXGroup section */
		6D9FD48FD7E60E608CA38EE0 /* Frameworks */ = {
			isa = PBXGroup;
			children = (
				2D669EE74477880C6CB0979D /* Pods_Chat.framework */,
			);
			name = Frameworks;
			sourceTree = "<group>";
		};
		990AC646255C7949006A60D4 /* SettingsStorage */ = {
			isa = PBXGroup;
			children = (
				99CB3E0B255B620A00DDD117 /* SettingsStorage.swift */,
			);
			path = SettingsStorage;
			sourceTree = "<group>";
		};
		990AC647255C8305006A60D4 /* Models */ = {
			isa = PBXGroup;
			children = (
				998ED921254E07EA0030A102 /* Model.swift */,
				996FA7B3253FAB4B007EC8AA /* Channel.swift */,
				995C84B1253B09DA0036B067 /* Message.swift */,
			);
			path = Models;
			sourceTree = "<group>";
		};
		992800F825599BA200C19545 /* DataManager */ = {
			isa = PBXGroup;
			children = (
				991CEB422559C6BB006EDC72 /* DataManager.swift */,
				997CEE1F2530D8EF00645079 /* GCDDataManager.swift */,
				997CEE212530D91500645079 /* OperationDataManager.swift */,
			);
			path = DataManager;
			sourceTree = "<group>";
		};
		994518DB2556F02D00D5B015 /* Supporting Files */ = {
			isa = PBXGroup;
			children = (
				9987556625142AC90080EEAE /* Fonts */,
				99803F8F250ADD11000284D9 /* Assets.xcassets */,
				99803F91250ADD11000284D9 /* LaunchScreen.storyboard */,
				992C2ADC2538B5C100005A88 /* GoogleService-Info.plist */,
			);
			path = "Supporting Files";
			sourceTree = "<group>";
		};
		996A40C02561690B0048361C /* Network */ = {
			isa = PBXGroup;
			children = (
				996A40C1256169220048361C /* Parser.swift */,
				996A40C3256169620048361C /* RequestSender.swift */,
				996A40C5256169B10048361C /* Request.swift */,
				996A40C7256169DE0048361C /* RequestsFactory.swift */,
			);
			path = Network;
			sourceTree = "<group>";
		};
		99803F7A250ADD0F000284D9 = {
			isa = PBXGroup;
			children = (
				99803F85250ADD0F000284D9 /* Chat */,
				99803F84250ADD0F000284D9 /* Products */,
				C78D818F3F96AE304B2B292D /* Pods */,
				6D9FD48FD7E60E608CA38EE0 /* Frameworks */,
			);
			sourceTree = "<group>";
		};
		99803F84250ADD0F000284D9 /* Products */ = {
			isa = PBXGroup;
			children = (
				99803F83250ADD0F000284D9 /* Chat.app */,
			);
			name = Products;
			sourceTree = "<group>";
		};
		99803F85250ADD0F000284D9 /* Chat */ = {
			isa = PBXGroup;
			children = (
				99803F94250ADD11000284D9 /* Info.plist */,
				99ED327525580EA0008848D0 /* PresentationLayer */,
				99ED327925580F3A008848D0 /* ServiceLayer */,
				99ED327F25580FA1008848D0 /* CoreLayer */,
				99803F86250ADD0F000284D9 /* AppDelegate.swift */,
				99ED328025580FC8008848D0 /* RootAssembly.swift */,
				994518DB2556F02D00D5B015 /* Supporting Files */,
			);
			path = Chat;
			sourceTree = "<group>";
		};
		9981148F25589A7B00F4A710 /* Views */ = {
			isa = PBXGroup;
			children = (
				994518D72555BA7300D5B015 /* ConversationsListView.swift */,
				99454C38251D49A9005CEEA2 /* ConversationTableViewCell.swift */,
			);
			path = Views;
			sourceTree = "<group>";
		};
		9981149025589A9800F4A710 /* Views */ = {
			isa = PBXGroup;
			children = (
				994518D92556E40000D5B015 /* ConversationView.swift */,
				9950733B251F87A500515678 /* MessageTableViewCell.swift */,
				994AF9D025221D300013B0E0 /* TopView.swift */,
				9957D96B254F42650073DCA2 /* MessageInputContainer.swift */,
			);
			path = Views;
			sourceTree = "<group>";
		};
		9981149125589AEF00F4A710 /* Views */ = {
			isa = PBXGroup;
			children = (
				994518DE25572B0900D5B015 /* ProfileView.swift */,
				994CF6CA252E0E1600AB0A10 /* ProfileImageView.swift */,
			);
			path = Views;
			sourceTree = "<group>";
		};
		9981149225589B1D00F4A710 /* Views */ = {
			isa = PBXGroup;
			children = (
				994518DC255725AB00D5B015 /* ThemesView.swift */,
				99E8B69A252689ED00117A04 /* ThemeButton.swift */,
				9984672F251B5EA1004E9044 /* ButtonWithTouchSize.swift */,
			);
			path = Views;
			sourceTree = "<group>";
		};
		9987556625142AC90080EEAE /* Fonts */ = {
			isa = PBXGroup;
			children = (
				9987555A2514244D0080EEAE /* Roboto-Regular.ttf */,
				9987555C251425610080EEAE /* SFProText-Regular.ttf */,
				99875564251429290080EEAE /* SFProText-Semibold.ttf */,
				994B4A7D252A79D400A50B5D /* SFProText-RegularItalic.ttf */,
				99875560251427000080EEAE /* SFProDisplay-Bold.ttf */,
			);
			path = Fonts;
			sourceTree = "<group>";
		};
		9989C603255F02A6009F7A31 /* CollectionViewController */ = {
			isa = PBXGroup;
			children = (
				9989C608255F048F009F7A31 /* Views */,
				9989C604255F0347009F7A31 /* CollectionViewController.swift */,
				9989C606255F03EC009F7A31 /* CollectionModel.swift */,
			);
			path = CollectionViewController;
			sourceTree = "<group>";
		};
		9989C608255F048F009F7A31 /* Views */ = {
			isa = PBXGroup;
			children = (
				9989C609255F049D009F7A31 /* CollectionView.swift */,
				994D63DD255F3E09007CB33D /* CollectionViewCell.swift */,
			);
			path = Views;
			sourceTree = "<group>";
		};
		999EAEA72559F3640070D852 /* LogViewController */ = {
			isa = PBXGroup;
			children = (
				99569DE32515FD6900F103D4 /* LogViewController.swift */,
				999EAEA82559F3950070D852 /* LogModel.swift */,
			);
			path = LogViewController;
			sourceTree = "<group>";
		};
		999EAEAA2559F6B80070D852 /* CoreData */ = {
			isa = PBXGroup;
			children = (
				99E52A6E2542F313007BD9B6 /* CoreDataStack.swift */,
				99E52A6A2542EF40007BD9B6 /* Chat.xcdatamodeld */,
				990FCB9A254C969F00156A48 /* ChannelDB+CoreDataClass.swift */,
				990FCB9B254C969F00156A48 /* ChannelDB+CoreDataProperties.swift */,
				990FCB96254C969800156A48 /* MessageDB+CoreDataClass.swift */,
				990FCB97254C969800156A48 /* MessageDB+CoreDataProperties.swift */,
			);
			path = CoreData;
			sourceTree = "<group>";
		};
		99CB3DF0255B09AE00DDD117 /* Firebase */ = {
			isa = PBXGroup;
			children = (
				99A5733E253C7B3E00899AAC /* FirebaseManager.swift */,
			);
			path = Firebase;
			sourceTree = "<group>";
		};
		99CB3DF5255B19B800DDD117 /* Extensions */ = {
			isa = PBXGroup;
			children = (
				994F1C992534C987003FC809 /* Colors.swift */,
				990AC648255C8346006A60D4 /* ConfigurableView.swift */,
				99CB3DFA255B1A3600DDD117 /* Date + Extension.swift */,
				99CB3DF8255B1A1F00DDD117 /* String + Extension.swift */,
				996941132539082500819078 /* UIAlertController + Extension.swift */,
				99CB3DF6255B1A0600DDD117 /* UINavigationController + Extension.swift */,
				992800F625599ABC00C19545 /* UIViewController + Extension.swift */,
			);
			path = Extensions;
			sourceTree = "<group>";
		};
		99CB3E04255B4BA200DDD117 /* ThemeStorage */ = {
			isa = PBXGroup;
			children = (
				99CB3E07255B4CE100DDD117 /* ThemeStorage.swift */,
			);
			path = ThemeStorage;
			sourceTree = "<group>";
		};
		99D40CCC2558184B005FEF4C /* Assembly */ = {
			isa = PBXGroup;
			children = (
				99D40CCD25581862005FEF4C /* CoreAssembly.swift */,
			);
			path = Assembly;
			sourceTree = "<group>";
		};
		99ED327525580EA0008848D0 /* PresentationLayer */ = {
			isa = PBXGroup;
			children = (
				99ED327625580EBE008848D0 /* Assembly */,
				99ED327A25580F4B008848D0 /* Modules */,
				99CB3DF5255B19B800DDD117 /* Extensions */,
			);
			path = PresentationLayer;
			sourceTree = "<group>";
		};
		99ED327625580EBE008848D0 /* Assembly */ = {
			isa = PBXGroup;
			children = (
				99ED327725580ED7008848D0 /* PresentationAssembly.swift */,
			);
			path = Assembly;
			sourceTree = "<group>";
		};
		99ED327925580F3A008848D0 /* ServiceLayer */ = {
			isa = PBXGroup;
			children = (
				99ED327C25580F63008848D0 /* Assembly */,
				990AC647255C8305006A60D4 /* Models */,
				99ED327B25580F5B008848D0 /* Services */,
			);
			path = ServiceLayer;
			sourceTree = "<group>";
		};
		99ED327A25580F4B008848D0 /* Modules */ = {
			isa = PBXGroup;
			children = (
				999EAEA72559F3640070D852 /* LogViewController */,
				99ED328625581181008848D0 /* ConversationsListViewController */,
				99ED32872558118E008848D0 /* ConversationViewController */,
				99ED328825581196008848D0 /* ProfileViewController */,
				99ED3289255811A2008848D0 /* ThemesViewController */,
				9989C603255F02A6009F7A31 /* CollectionViewController */,
			);
			path = Modules;
			sourceTree = "<group>";
		};
		99ED327B25580F5B008848D0 /* Services */ = {
			isa = PBXGroup;
			children = (
				998755522513D3210080EEAE /* Loger.swift */,
				99CB3DF3255B17B500DDD117 /* ChannelService.swift */,
				99CB3DFE255B1C4000DDD117 /* MessageService.swift */,
				994635B82534DE05003DEA03 /* DataService.swift */,
				994B9AD9252799F600A453F2 /* ThemesService.swift */,
				990AC640255C171A006A60D4 /* SettingsService.swift */,
				990AC644255C6DB4006A60D4 /* FetchService.swift */,
				996A40C925617CD50048361C /* ImagesService.swift */,
			);
			path = Services;
			sourceTree = "<group>";
		};
		99ED327C25580F63008848D0 /* Assembly */ = {
			isa = PBXGroup;
			children = (
				99ED327D25580F75008848D0 /* ServicesAssembly.swift */,
			);
			path = Assembly;
			sourceTree = "<group>";
		};
		99ED327F25580FA1008848D0 /* CoreLayer */ = {
			isa = PBXGroup;
			children = (
				99D40CCC2558184B005FEF4C /* Assembly */,
				990AC646255C7949006A60D4 /* SettingsStorage */,
				992800F825599BA200C19545 /* DataManager */,
				999EAEAA2559F6B80070D852 /* CoreData */,
				99CB3E04255B4BA200DDD117 /* ThemeStorage */,
				99CB3DF0255B09AE00DDD117 /* Firebase */,
				996A40C02561690B0048361C /* Network */,
			);
			path = CoreLayer;
			sourceTree = "<group>";
		};
		99ED328625581181008848D0 /* ConversationsListViewController */ = {
			isa = PBXGroup;
			children = (
				9981148F25589A7B00F4A710 /* Views */,
				99454C32251D4502005CEEA2 /* ConversationsListViewController.swift */,
				99ED328A25581254008848D0 /* ConversationsListModel.swift */,
			);
			path = ConversationsListViewController;
			sourceTree = "<group>";
		};
		99ED32872558118E008848D0 /* ConversationViewController */ = {
			isa = PBXGroup;
			children = (
				9981149025589A9800F4A710 /* Views */,
				9957F56D251F67DC007EB624 /* ConversationViewController.swift */,
				99ED328C25581271008848D0 /* ConversationModel.swift */,
			);
			path = ConversationViewController;
			sourceTree = "<group>";
		};
		99ED328825581196008848D0 /* ProfileViewController */ = {
			isa = PBXGroup;
			children = (
				9981149125589AEF00F4A710 /* Views */,
				998755542513F4430080EEAE /* ProfileViewController.swift */,
				99ED328E2558128D008848D0 /* ProfileModel.swift */,
			);
			path = ProfileViewController;
			sourceTree = "<group>";
		};
		99ED3289255811A2008848D0 /* ThemesViewController */ = {
			isa = PBXGroup;
			children = (
				9981149225589B1D00F4A710 /* Views */,
				99E8B6962526850C00117A04 /* ThemesViewController.swift */,
				99A0E5A825587ED000742613 /* ThemesModel.swift */,
			);
			path = ThemesViewController;
			sourceTree = "<group>";
		};
		C78D818F3F96AE304B2B292D /* Pods */ = {
			isa = PBXGroup;
			children = (
				32563607774D08B4120B1BF2 /* Pods-Chat.debug.xcconfig */,
				EF719589154F29D5838B05D3 /* Pods-Chat.release.xcconfig */,
			);
			path = Pods;
			sourceTree = "<group>";
		};
/* End PBXGroup section */

/* Begin PBXNativeTarget section */
		99803F82250ADD0F000284D9 /* Chat */ = {
			isa = PBXNativeTarget;
			buildConfigurationList = 99803F97250ADD11000284D9 /* Build configuration list for PBXNativeTarget "Chat" */;
			buildPhases = (
				65EC274855C92366D62CE995 /* [CP] Check Pods Manifest.lock */,
				99803F7F250ADD0F000284D9 /* Sources */,
				99803F80250ADD0F000284D9 /* Frameworks */,
				99803F81250ADD0F000284D9 /* Resources */,
				D449D9CAB280909AD21B3390 /* [CP] Embed Pods Frameworks */,
				996941122538FF8A00819078 /* ShellScript */,
			);
			buildRules = (
			);
			dependencies = (
			);
			name = Chat;
			productName = Chat;
			productReference = 99803F83250ADD0F000284D9 /* Chat.app */;
			productType = "com.apple.product-type.application";
		};
/* End PBXNativeTarget section */

/* Begin PBXProject section */
		99803F7B250ADD0F000284D9 /* Project object */ = {
			isa = PBXProject;
			attributes = {
				LastSwiftUpdateCheck = 1160;
				LastUpgradeCheck = 1160;
				ORGANIZATIONNAME = "Maria Myamlina";
				TargetAttributes = {
					99803F82250ADD0F000284D9 = {
						CreatedOnToolsVersion = 11.6;
					};
				};
			};
			buildConfigurationList = 99803F7E250ADD0F000284D9 /* Build configuration list for PBXProject "Chat" */;
			compatibilityVersion = "Xcode 9.3";
			developmentRegion = en;
			hasScannedForEncodings = 0;
			knownRegions = (
				en,
				Base,
			);
			mainGroup = 99803F7A250ADD0F000284D9;
			productRefGroup = 99803F84250ADD0F000284D9 /* Products */;
			projectDirPath = "";
			projectRoot = "";
			targets = (
				99803F82250ADD0F000284D9 /* Chat */,
			);
		};
/* End PBXProject section */

/* Begin PBXResourcesBuildPhase section */
		99803F81250ADD0F000284D9 /* Resources */ = {
			isa = PBXResourcesBuildPhase;
			buildActionMask = 2147483647;
			files = (
				994B4A7E252A79E900A50B5D /* SFProText-RegularItalic.ttf in Resources */,
				99803F93250ADD11000284D9 /* LaunchScreen.storyboard in Resources */,
				99803F90250ADD11000284D9 /* Assets.xcassets in Resources */,
				9987555B2514244D0080EEAE /* Roboto-Regular.ttf in Resources */,
				99875561251427000080EEAE /* SFProDisplay-Bold.ttf in Resources */,
				992C2ADD2538B5C100005A88 /* GoogleService-Info.plist in Resources */,
				99875565251429290080EEAE /* SFProText-Semibold.ttf in Resources */,
				9987555E251425610080EEAE /* SFProText-Regular.ttf in Resources */,
			);
			runOnlyForDeploymentPostprocessing = 0;
		};
/* End PBXResourcesBuildPhase section */

/* Begin PBXShellScriptBuildPhase section */
		65EC274855C92366D62CE995 /* [CP] Check Pods Manifest.lock */ = {
			isa = PBXShellScriptBuildPhase;
			buildActionMask = 2147483647;
			files = (
			);
			inputFileListPaths = (
			);
			inputPaths = (
				"${PODS_PODFILE_DIR_PATH}/Podfile.lock",
				"${PODS_ROOT}/Manifest.lock",
			);
			name = "[CP] Check Pods Manifest.lock";
			outputFileListPaths = (
			);
			outputPaths = (
				"$(DERIVED_FILE_DIR)/Pods-Chat-checkManifestLockResult.txt",
			);
			runOnlyForDeploymentPostprocessing = 0;
			shellPath = /bin/sh;
			shellScript = "diff \"${PODS_PODFILE_DIR_PATH}/Podfile.lock\" \"${PODS_ROOT}/Manifest.lock\" > /dev/null\nif [ $? != 0 ] ; then\n    # print error to STDERR\n    echo \"error: The sandbox is not in sync with the Podfile.lock. Run 'pod install' or update your CocoaPods installation.\" >&2\n    exit 1\nfi\n# This output is used by Xcode 'outputs' to avoid re-running this script phase.\necho \"SUCCESS\" > \"${SCRIPT_OUTPUT_FILE_0}\"\n";
			showEnvVarsInLog = 0;
		};
		996941122538FF8A00819078 /* ShellScript */ = {
			isa = PBXShellScriptBuildPhase;
			buildActionMask = 2147483647;
			files = (
			);
			inputFileListPaths = (
			);
			inputPaths = (
			);
			outputFileListPaths = (
			);
			outputPaths = (
			);
			runOnlyForDeploymentPostprocessing = 0;
			shellPath = /bin/sh;
			shellScript = "# Type a script or drag a script file from your workspace to insert its path.\n\"${PODS_ROOT}/SwiftLint/swiftlint\"\n";
		};
		D449D9CAB280909AD21B3390 /* [CP] Embed Pods Frameworks */ = {
			isa = PBXShellScriptBuildPhase;
			buildActionMask = 2147483647;
			files = (
			);
			inputFileListPaths = (
				"${PODS_ROOT}/Target Support Files/Pods-Chat/Pods-Chat-frameworks-${CONFIGURATION}-input-files.xcfilelist",
			);
			name = "[CP] Embed Pods Frameworks";
			outputFileListPaths = (
				"${PODS_ROOT}/Target Support Files/Pods-Chat/Pods-Chat-frameworks-${CONFIGURATION}-output-files.xcfilelist",
			);
			runOnlyForDeploymentPostprocessing = 0;
			shellPath = /bin/sh;
			shellScript = "\"${PODS_ROOT}/Target Support Files/Pods-Chat/Pods-Chat-frameworks.sh\"\n";
			showEnvVarsInLog = 0;
		};
/* End PBXShellScriptBuildPhase section */

/* Begin PBXSourcesBuildPhase section */
		99803F7F250ADD0F000284D9 /* Sources */ = {
			isa = PBXSourcesBuildPhase;
			buildActionMask = 2147483647;
			files = (
				998755532513D3210080EEAE /* Loger.swift in Sources */,
				99CB3DF7255B1A0600DDD117 /* UINavigationController + Extension.swift in Sources */,
				99ED328125580FC8008848D0 /* RootAssembly.swift in Sources */,
				998755552513F4430080EEAE /* ProfileViewController.swift in Sources */,
				9989C605255F0347009F7A31 /* CollectionViewController.swift in Sources */,
				99E52A6C2542EF40007BD9B6 /* Chat.xcdatamodeld in Sources */,
				994B9ADA252799F600A453F2 /* ThemesService.swift in Sources */,
				99E8B6972526850C00117A04 /* ThemesViewController.swift in Sources */,
				990FCB9D254C969F00156A48 /* ChannelDB+CoreDataProperties.swift in Sources */,
				997CEE202530D8EF00645079 /* GCDDataManager.swift in Sources */,
				998ED922254E07EB0030A102 /* Model.swift in Sources */,
				990FCB9C254C969F00156A48 /* ChannelDB+CoreDataClass.swift in Sources */,
				99CB3E0C255B620A00DDD117 /* SettingsStorage.swift in Sources */,
				9957D96C254F42650073DCA2 /* MessageInputContainer.swift in Sources */,
				994D63DE255F3E09007CB33D /* CollectionViewCell.swift in Sources */,
				996A40C4256169620048361C /* RequestSender.swift in Sources */,
				994CF6CB252E0E1700AB0A10 /* ProfileImageView.swift in Sources */,
				9957F56E251F67DC007EB624 /* ConversationViewController.swift in Sources */,
				99E8B69B252689ED00117A04 /* ThemeButton.swift in Sources */,
				99A5733F253C7B3E00899AAC /* FirebaseManager.swift in Sources */,
				996A40C8256169DE0048361C /* RequestsFactory.swift in Sources */,
				996A40CA25617CD50048361C /* ImagesService.swift in Sources */,
				9950733D251F87A500515678 /* MessageTableViewCell.swift in Sources */,
				990FCB98254C969800156A48 /* MessageDB+CoreDataClass.swift in Sources */,
				996941142539082500819078 /* UIAlertController + Extension.swift in Sources */,
				99846730251B5EA1004E9044 /* ButtonWithTouchSize.swift in Sources */,
				994518DF25572B0900D5B015 /* ProfileView.swift in Sources */,
				999EAEA92559F3950070D852 /* LogModel.swift in Sources */,
				994F1C9A2534C987003FC809 /* Colors.swift in Sources */,
				99ED328B25581254008848D0 /* ConversationsListModel.swift in Sources */,
				99CB3DFB255B1A3600DDD117 /* Date + Extension.swift in Sources */,
				992800F725599ABC00C19545 /* UIViewController + Extension.swift in Sources */,
				994518DD255725AB00D5B015 /* ThemesView.swift in Sources */,
				99CB3DF9255B1A1F00DDD117 /* String + Extension.swift in Sources */,
				99803F87250ADD0F000284D9 /* AppDelegate.swift in Sources */,
				996A40C2256169220048361C /* Parser.swift in Sources */,
				990FCB99254C969800156A48 /* MessageDB+CoreDataProperties.swift in Sources */,
				996FA7B4253FAB4B007EC8AA /* Channel.swift in Sources */,
				99ED327E25580F75008848D0 /* ServicesAssembly.swift in Sources */,
				996A40C6256169B10048361C /* Request.swift in Sources */,
				9989C60A255F049D009F7A31 /* CollectionView.swift in Sources */,
				995C84B2253B09DA0036B067 /* Message.swift in Sources */,
				99569DE42515FD6900F103D4 /* LogViewController.swift in Sources */,
				99E52A6F2542F313007BD9B6 /* CoreDataStack.swift in Sources */,
				994AF9D125221D300013B0E0 /* TopView.swift in Sources */,
				991CEB432559C6BB006EDC72 /* DataManager.swift in Sources */,
				99A0E5A925587ED000742613 /* ThemesModel.swift in Sources */,
				99ED328D25581271008848D0 /* ConversationModel.swift in Sources */,
				9989C607255F03EC009F7A31 /* CollectionModel.swift in Sources */,
				990AC649255C8346006A60D4 /* ConfigurableView.swift in Sources */,
				990AC645255C6DB4006A60D4 /* FetchService.swift in Sources */,
				99454C3A251D49A9005CEEA2 /* ConversationTableViewCell.swift in Sources */,
				99CB3E08255B4CE100DDD117 /* ThemeStorage.swift in Sources */,
				994635B92534DE05003DEA03 /* DataService.swift in Sources */,
				994518DA2556E40000D5B015 /* ConversationView.swift in Sources */,
				99D40CCE25581862005FEF4C /* CoreAssembly.swift in Sources */,
				990AC641255C171A006A60D4 /* SettingsService.swift in Sources */,
				99CB3DF4255B17B500DDD117 /* ChannelService.swift in Sources */,
				99454C33251D4502005CEEA2 /* ConversationsListViewController.swift in Sources */,
				99CB3DFF255B1C4000DDD117 /* MessageService.swift in Sources */,
				994518D82555BA7300D5B015 /* ConversationsListView.swift in Sources */,
				997CEE222530D91500645079 /* OperationDataManager.swift in Sources */,
				99ED327825580ED7008848D0 /* PresentationAssembly.swift in Sources */,
				99ED328F2558128D008848D0 /* ProfileModel.swift in Sources */,
			);
			runOnlyForDeploymentPostprocessing = 0;
		};
/* End PBXSourcesBuildPhase section */

/* Begin PBXVariantGroup section */
		99803F91250ADD11000284D9 /* LaunchScreen.storyboard */ = {
			isa = PBXVariantGroup;
			children = (
				99803F92250ADD11000284D9 /* Base */,
			);
			name = LaunchScreen.storyboard;
			sourceTree = "<group>";
		};
/* End PBXVariantGroup section */

/* Begin XCBuildConfiguration section */
		99803F95250ADD11000284D9 /* Debug */ = {
			isa = XCBuildConfiguration;
			buildSettings = {
				ALWAYS_SEARCH_USER_PATHS = NO;
				CLANG_ANALYZER_NONNULL = YES;
				CLANG_ANALYZER_NUMBER_OBJECT_CONVERSION = YES_AGGRESSIVE;
				CLANG_CXX_LANGUAGE_STANDARD = "gnu++14";
				CLANG_CXX_LIBRARY = "libc++";
				CLANG_ENABLE_MODULES = YES;
				CLANG_ENABLE_OBJC_ARC = YES;
				CLANG_ENABLE_OBJC_WEAK = YES;
				CLANG_WARN_BLOCK_CAPTURE_AUTORELEASING = YES;
				CLANG_WARN_BOOL_CONVERSION = YES;
				CLANG_WARN_COMMA = YES;
				CLANG_WARN_CONSTANT_CONVERSION = YES;
				CLANG_WARN_DEPRECATED_OBJC_IMPLEMENTATIONS = YES;
				CLANG_WARN_DIRECT_OBJC_ISA_USAGE = YES_ERROR;
				CLANG_WARN_DOCUMENTATION_COMMENTS = YES;
				CLANG_WARN_EMPTY_BODY = YES;
				CLANG_WARN_ENUM_CONVERSION = YES;
				CLANG_WARN_INFINITE_RECURSION = YES;
				CLANG_WARN_INT_CONVERSION = YES;
				CLANG_WARN_NON_LITERAL_NULL_CONVERSION = YES;
				CLANG_WARN_OBJC_IMPLICIT_RETAIN_SELF = YES;
				CLANG_WARN_OBJC_LITERAL_CONVERSION = YES;
				CLANG_WARN_OBJC_ROOT_CLASS = YES_ERROR;
				CLANG_WARN_RANGE_LOOP_ANALYSIS = YES;
				CLANG_WARN_STRICT_PROTOTYPES = YES;
				CLANG_WARN_SUSPICIOUS_MOVE = YES;
				CLANG_WARN_UNGUARDED_AVAILABILITY = YES_AGGRESSIVE;
				CLANG_WARN_UNREACHABLE_CODE = YES;
				CLANG_WARN__DUPLICATE_METHOD_MATCH = YES;
				COPY_PHASE_STRIP = NO;
				DEBUG_INFORMATION_FORMAT = dwarf;
				ENABLE_STRICT_OBJC_MSGSEND = YES;
				ENABLE_TESTABILITY = YES;
				GCC_C_LANGUAGE_STANDARD = gnu11;
				GCC_DYNAMIC_NO_PIC = NO;
				GCC_NO_COMMON_BLOCKS = YES;
				GCC_OPTIMIZATION_LEVEL = 0;
				GCC_PREPROCESSOR_DEFINITIONS = (
					"DEBUG=1",
					"$(inherited)",
				);
				GCC_WARN_64_TO_32_BIT_CONVERSION = YES;
				GCC_WARN_ABOUT_RETURN_TYPE = YES_ERROR;
				GCC_WARN_UNDECLARED_SELECTOR = YES;
				GCC_WARN_UNINITIALIZED_AUTOS = YES_AGGRESSIVE;
				GCC_WARN_UNUSED_FUNCTION = YES;
				GCC_WARN_UNUSED_VARIABLE = YES;
				IPHONEOS_DEPLOYMENT_TARGET = 13.6;
				MTL_ENABLE_DEBUG_INFO = INCLUDE_SOURCE;
				MTL_FAST_MATH = YES;
				ONLY_ACTIVE_ARCH = YES;
				SDKROOT = iphoneos;
				SWIFT_ACTIVE_COMPILATION_CONDITIONS = DEBUG;
				SWIFT_OPTIMIZATION_LEVEL = "-Onone";
			};
			name = Debug;
		};
		99803F96250ADD11000284D9 /* Release */ = {
			isa = XCBuildConfiguration;
			buildSettings = {
				ALWAYS_SEARCH_USER_PATHS = NO;
				CLANG_ANALYZER_NONNULL = YES;
				CLANG_ANALYZER_NUMBER_OBJECT_CONVERSION = YES_AGGRESSIVE;
				CLANG_CXX_LANGUAGE_STANDARD = "gnu++14";
				CLANG_CXX_LIBRARY = "libc++";
				CLANG_ENABLE_MODULES = YES;
				CLANG_ENABLE_OBJC_ARC = YES;
				CLANG_ENABLE_OBJC_WEAK = YES;
				CLANG_WARN_BLOCK_CAPTURE_AUTORELEASING = YES;
				CLANG_WARN_BOOL_CONVERSION = YES;
				CLANG_WARN_COMMA = YES;
				CLANG_WARN_CONSTANT_CONVERSION = YES;
				CLANG_WARN_DEPRECATED_OBJC_IMPLEMENTATIONS = YES;
				CLANG_WARN_DIRECT_OBJC_ISA_USAGE = YES_ERROR;
				CLANG_WARN_DOCUMENTATION_COMMENTS = YES;
				CLANG_WARN_EMPTY_BODY = YES;
				CLANG_WARN_ENUM_CONVERSION = YES;
				CLANG_WARN_INFINITE_RECURSION = YES;
				CLANG_WARN_INT_CONVERSION = YES;
				CLANG_WARN_NON_LITERAL_NULL_CONVERSION = YES;
				CLANG_WARN_OBJC_IMPLICIT_RETAIN_SELF = YES;
				CLANG_WARN_OBJC_LITERAL_CONVERSION = YES;
				CLANG_WARN_OBJC_ROOT_CLASS = YES_ERROR;
				CLANG_WARN_RANGE_LOOP_ANALYSIS = YES;
				CLANG_WARN_STRICT_PROTOTYPES = YES;
				CLANG_WARN_SUSPICIOUS_MOVE = YES;
				CLANG_WARN_UNGUARDED_AVAILABILITY = YES_AGGRESSIVE;
				CLANG_WARN_UNREACHABLE_CODE = YES;
				CLANG_WARN__DUPLICATE_METHOD_MATCH = YES;
				COPY_PHASE_STRIP = NO;
				DEBUG_INFORMATION_FORMAT = "dwarf-with-dsym";
				ENABLE_NS_ASSERTIONS = NO;
				ENABLE_STRICT_OBJC_MSGSEND = YES;
				GCC_C_LANGUAGE_STANDARD = gnu11;
				GCC_NO_COMMON_BLOCKS = YES;
				GCC_WARN_64_TO_32_BIT_CONVERSION = YES;
				GCC_WARN_ABOUT_RETURN_TYPE = YES_ERROR;
				GCC_WARN_UNDECLARED_SELECTOR = YES;
				GCC_WARN_UNINITIALIZED_AUTOS = YES_AGGRESSIVE;
				GCC_WARN_UNUSED_FUNCTION = YES;
				GCC_WARN_UNUSED_VARIABLE = YES;
				IPHONEOS_DEPLOYMENT_TARGET = 13.6;
				MTL_ENABLE_DEBUG_INFO = NO;
				MTL_FAST_MATH = YES;
				SDKROOT = iphoneos;
				SWIFT_COMPILATION_MODE = wholemodule;
				SWIFT_OPTIMIZATION_LEVEL = "-O";
				VALIDATE_PRODUCT = YES;
			};
			name = Release;
		};
		99803F98250ADD11000284D9 /* Debug */ = {
			isa = XCBuildConfiguration;
			baseConfigurationReference = 32563607774D08B4120B1BF2 /* Pods-Chat.debug.xcconfig */;
			buildSettings = {
				ASSETCATALOG_COMPILER_APPICON_NAME = AppIcon;
				CODE_SIGN_STYLE = Automatic;
				DEVELOPMENT_TEAM = VA56BM3C3G;
				INFOPLIST_FILE = Chat/Info.plist;
				IPHONEOS_DEPLOYMENT_TARGET = 12.0;
				LD_RUNPATH_SEARCH_PATHS = (
					"$(inherited)",
					"@executable_path/Frameworks",
				);
				PRODUCT_BUNDLE_IDENTIFIER = ru.tinkoff.TinkoffChat;
				PRODUCT_NAME = "$(TARGET_NAME)";
				SWIFT_VERSION = 5.0;
				TARGETED_DEVICE_FAMILY = 1;
			};
			name = Debug;
		};
		99803F99250ADD11000284D9 /* Release */ = {
			isa = XCBuildConfiguration;
			baseConfigurationReference = EF719589154F29D5838B05D3 /* Pods-Chat.release.xcconfig */;
			buildSettings = {
				ASSETCATALOG_COMPILER_APPICON_NAME = AppIcon;
				CODE_SIGN_STYLE = Automatic;
				DEVELOPMENT_TEAM = VA56BM3C3G;
				INFOPLIST_FILE = Chat/Info.plist;
				IPHONEOS_DEPLOYMENT_TARGET = 12.0;
				LD_RUNPATH_SEARCH_PATHS = (
					"$(inherited)",
					"@executable_path/Frameworks",
				);
				PRODUCT_BUNDLE_IDENTIFIER = ru.tinkoff.TinkoffChat;
				PRODUCT_NAME = "$(TARGET_NAME)";
				SWIFT_VERSION = 5.0;
				TARGETED_DEVICE_FAMILY = 1;
			};
			name = Release;
		};
/* End XCBuildConfiguration section */

/* Begin XCConfigurationList section */
		99803F7E250ADD0F000284D9 /* Build configuration list for PBXProject "Chat" */ = {
			isa = XCConfigurationList;
			buildConfigurations = (
				99803F95250ADD11000284D9 /* Debug */,
				99803F96250ADD11000284D9 /* Release */,
			);
			defaultConfigurationIsVisible = 0;
			defaultConfigurationName = Release;
		};
		99803F97250ADD11000284D9 /* Build configuration list for PBXNativeTarget "Chat" */ = {
			isa = XCConfigurationList;
			buildConfigurations = (
				99803F98250ADD11000284D9 /* Debug */,
				99803F99250ADD11000284D9 /* Release */,
			);
			defaultConfigurationIsVisible = 0;
			defaultConfigurationName = Release;
		};
/* End XCConfigurationList section */

/* Begin XCVersionGroup section */
		99E52A6A2542EF40007BD9B6 /* Chat.xcdatamodeld */ = {
			isa = XCVersionGroup;
			children = (
				99E52A6B2542EF40007BD9B6 /* Chat.xcdatamodel */,
			);
			currentVersion = 99E52A6B2542EF40007BD9B6 /* Chat.xcdatamodel */;
			path = Chat.xcdatamodeld;
			sourceTree = "<group>";
			versionGroupType = wrapper.xcdatamodel;
		};
/* End XCVersionGroup section */
	};
	rootObject = 99803F7B250ADD0F000284D9 /* Project object */;
}
